{
  "requires": true,
  "lockfileVersion": 1,
  "dependencies": {
    "vue-debounce": {
      "version": "3.0.2",
      "resolved": "https://registry.npmjs.org/vue-debounce/-/vue-debounce-3.0.2.tgz",
      "integrity": "sha512-+shuc9Ry+AFqJbN7BMfagazB81/bTiPWvUZ4KBjambgrd3B5EQBojxeGzeNZ21xRflnwB098BG1d0HtWv8WyzA=="
    }
  }
}
